PODS:
  - MaterialComponents/AnimationTiming (119.1.2)
  - MaterialComponents/Availability (119.1.2)
  - MaterialComponents/Buttons (119.1.2):
    - MaterialComponents/Elevation
    - MaterialComponents/Ink
    - MaterialComponents/private/Math
    - MaterialComponents/Ripple
    - MaterialComponents/ShadowElevations
    - MaterialComponents/ShadowLayer
    - MaterialComponents/ShapeLibrary
    - MaterialComponents/Shapes
    - MaterialComponents/Typography
    - MDFInternationalization
    - MDFTextAccessibility
  - MaterialComponents/Elevation (119.1.2):
    - MaterialComponents/Availability
    - MaterialComponents/private/Color
    - MaterialComponents/private/Math
  - MaterialComponents/Ink (119.1.2):
    - MaterialComponents/Availability
    - MaterialComponents/private/Color
    - MaterialComponents/private/Math
  - MaterialComponents/private/Application (119.1.2)
  - MaterialComponents/private/Color (119.1.2):
    - MaterialComponents/Availability
  - MaterialComponents/private/Math (119.1.2)
  - MaterialComponents/Ripple (119.1.2):
    - MaterialComponents/AnimationTiming
    - MaterialComponents/Availability
    - MaterialComponents/private/Color
    - MaterialComponents/private/Math
  - MaterialComponents/ShadowElevations (119.1.2)
  - MaterialComponents/ShadowLayer (119.1.2):
    - MaterialComponents/ShadowElevations
  - MaterialComponents/ShapeLibrary (119.1.2):
    - MaterialComponents/private/Math
    - MaterialComponents/Shapes
  - MaterialComponents/Shapes (119.1.2):
    - MaterialComponents/private/Color
    - MaterialComponents/private/Math
    - MaterialComponents/ShadowLayer
  - MaterialComponents/Typography (119.1.2):
    - MaterialComponents/private/Application
    - MaterialComponents/private/Math
    - MDFTextAccessibility
  - MDFInternationalization (2.0.0)
  - MDFTextAccessibility (2.0.0)

DEPENDENCIES:
  - MaterialComponents/Buttons

SPEC REPOS:
  trunk:
    - MaterialComponents
    - MDFInternationalization
    - MDFTextAccessibility

SPEC CHECKSUMS:
  MaterialComponents: 8936712ec298476993950e2d5d77e348d8e84577
  MDFInternationalization: 010097556d6b09d2c4ea38e0820ea6d37be6a314
  MDFTextAccessibility: 85c09a1bd9c321f494348e632a25063bcda35a53

PODFILE CHECKSUM: 0658d8a94ac843affcb6605445b4bd44e36c0f6f

COCOAPODS: 1.10.0
